Microsoft Visual Studio Solution File, Format Version 12.00
# Visual Studio Version 17
VisualStudioVersion = 17.5.2.0
MinimumVisualStudioVersion = 10.0.40219.1
Project("{FAE04EC0-301F-11D3-BF4B-00C04F79EFBC}") = "ATECHNEO_Dev_Party_DavidSergio_2025", "ATECHNEO_Dev_Party_DavidSergio_2025.csproj", "{1BBFF239-E654-514D-1A26-DC89AD74EE02}"
EndProject
Global
	GlobalSection(SolutionConfigurationPlatforms) = preSolution
		Debug|Any CPU = Debug|Any CPU
		Release|Any CPU = Release|Any CPU
	EndGlobalSection
	GlobalSection(ProjectConfigurationPlatforms) = postSolution
		{1BBFF239-E654-514D-1A26-DC89AD74EE02}.Debug|Any CPU.ActiveCfg = Debug|Any CPU
		{1BBFF239-E654-514D-1A26-DC89AD74EE02}.Debug|Any CPU.Build.0 = Debug|Any CPU
		{1BBFF239-E654-514D-1A26-DC89AD74EE02}.Release|Any CPU.ActiveCfg = Release|Any CPU
		{1BBFF239-E654-514D-1A26-DC89AD74EE02}.Release|Any CPU.Build.0 = Release|Any CPU
	EndGlobalSection
	GlobalSection(SolutionProperties) = preSolution
		HideSolutionNode = FALSE
	EndGlobalSection
	GlobalSection(ExtensibilityGlobals) = postSolution
		SolutionGuid = {D437581E-1CC5-47B3-B9F9-634AF44FA44D}
	EndGlobalSection
EndGlobal
